
Microsoft Visual Studio Solution File, Format Version 12.00
# Visual Studio Version 17
VisualStudioVersion = 17.13.35617.110
MinimumVisualStudioVersion = 10.0.40219.1
Project("{FAE04EC0-301F-11D3-BF4B-00C04F79EFBC}") = "Ucenje", "Ucenje\Ucenje.csproj", "{FD7E2A54-2F23-4C5A-B951-2CEDB905AC7B}"
EndProject
Project("{FAE04EC0-301F-11D3-BF4B-00C04F79EFBC}") = "WebAPI", "WebAPI\WebAPI.csproj", "{7B80930B-8B68-4294-A4B1-AC5A6EF42B16}"
EndProject
Global
	GlobalSection(SolutionConfigurationPlatforms) = preSolution
		Debug|Any CPU = Debug|Any CPU
		Release|Any CPU = Release|Any CPU
	EndGlobalSection
	GlobalSection(ProjectConfigurationPlatforms) = postSolution
		{FD7E2A54-2F23-4C5A-B951-2CEDB905AC7B}.Debug|Any CPU.ActiveCfg = Debug|Any CPU
		{FD7E2A54-2F23-4C5A-B951-2CEDB905AC7B}.Debug|Any CPU.Build.0 = Debug|Any CPU
		{FD7E2A54-2F23-4C5A-B951-2CEDB905AC7B}.Release|Any CPU.ActiveCfg = Release|Any CPU
		{FD7E2A54-2F23-4C5A-B951-2CEDB905AC7B}.Release|Any CPU.Build.0 = Release|Any CPU
		{7B80930B-8B68-4294-A4B1-AC5A6EF42B16}.Debug|Any CPU.ActiveCfg = Debug|Any CPU
		{7B80930B-8B68-4294-A4B1-AC5A6EF42B16}.Debug|Any CPU.Build.0 = Debug|Any CPU
		{7B80930B-8B68-4294-A4B1-AC5A6EF42B16}.Release|Any CPU.ActiveCfg = Release|Any CPU
		{7B80930B-8B68-4294-A4B1-AC5A6EF42B16}.Release|Any CPU.Build.0 = Release|Any CPU
	EndGlobalSection
	GlobalSection(SolutionProperties) = preSolution
		HideSolutionNode = FALSE
	EndGlobalSection
	GlobalSection(ExtensibilityGlobals) = postSolution
		SolutionGuid = {41603F83-CD46-481B-8116-98B1818022D5}
	EndGlobalSection
EndGlobal
